# This file is autogenerated, do not edit; changes may be undone by the next 'dep ensure'.


[[projects]]
  branch = "master"
  digest = "1:8c54c27b6628043b0afede21e201323206461ffd51229babfff1103356079ab8"
  name = "github.com/StefanSchroeder/Golang-Ellipsoid"
  packages = ["ellipsoid"]
  pruneopts = "UT"
  revision = "81cf328d8d0d4b9884e2043fc621ace6feb04137"

[[projects]]
  digest = "1:ffe9824d294da03b391f44e1ae8281281b4afc1bdaa9588c9097785e3af10cec"
  name = "github.com/davecgh/go-spew"
  packages = ["spew"]
  pruneopts = "UT"
  revision = "8991bc29aa16c548c550c7ff78260e27b9ab7c73"
  version = "v1.1.1"

[[projects]]
  digest = "1:2844485f680286fdb10769e39aeb6c9a27503e92af753e98d54245d6f5bb95d9"
  name = "github.com/im7mortal/UTM"
  packages = ["."]
  pruneopts = "UT"
  revision = "87c67f7b5621a95b3f9d26d704ba1e9fc68f6b56"
  version = "1.2.1"

[[projects]]
  digest = "1:26f095388ccb8ab4a86ff07b1c9b01a0ffc8304cee4a96d3a9e0923c3413ce72"
  name = "github.com/paulmach/orb"
  packages = [
    ".",
    "geojson",
  ]
  pruneopts = "UT"
  revision = "c77a26f5d3c0cd178b029fe45ac5e2e82e0f085a"
  version = "v0.1.1"

[[projects]]
  branch = "master"
  digest = "1:157c952751a6db9c7de1ffd4b4765bf669cc74414bc7886c4d63c665e0533d69"
  name = "github.com/printmaps/printmaps"
  packages = ["pd"]
  pruneopts = "UT"
  revision = "3f3e77941fe00d486fee15e1f50739e56d017e7b"

[[projects]]
  branch = "master"
  digest = "1:8ae7ee611e7317a88b14b088e84e4cd31ac8368d3e95b30668ebd26c33db3275"
  name = "github.com/yuin/gopher-lua"
  packages = [
    ".",
    "ast",
    "parse",
    "pm",
  ]
  pruneopts = "UT"
  revision = "a0dfe84f6227cda1c5f975bf3e35d55ae0d3df61"

[[projects]]
  digest = "1:4d2e5a73dc1500038e504a8d78b986630e3626dc027bc030ba5c75da257cdb96"
  name = "gopkg.in/yaml.v2"
  packages = ["."]
  pruneopts = "UT"
  revision = "51d6538a90f86fe93ac480b35f37b2be17fef232"
  version = "v2.2.2"

[solve-meta]
  analyzer-name = "dep"
  analyzer-version = 1
  input-imports = [
    "github.com/StefanSchroeder/Golang-Ellipsoid/ellipsoid",
    "github.com/davecgh/go-spew/spew",
    "github.com/im7mortal/UTM",
    "github.com/paulmach/orb",
    "github.com/paulmach/orb/geojson",
    "github.com/printmaps/printmaps/pd",
    "github.com/yuin/gopher-lua",
    "gopkg.in/yaml.v2",
  ]
  solver-name = "gps-cdcl"
  solver-version = 1
