# This file is autogenerated, do not edit; changes may be undone by the next 'dep ensure'.


[[projects]]
  branch = "master"
  digest = "1:a06aa1c72e989b2f75fa012a0fe3372329147b1bd428e02e7543ccb767a3e79d"
  name = "github.com/JamesMilnerUK/pip-go"
  packages = ["."]
  pruneopts = "UT"
  revision = "99c4cbbc7deb0bbb139ac3cceca1724393e8a3eb"

[[projects]]
  digest = "1:c594a691090b434d55c67f6cc8e326ef5ba49452abc059821bd5d4fd4cdef08c"
  name = "github.com/gofrs/uuid"
  packages = ["."]
  pruneopts = "UT"
  revision = "7077aa61129615a0d7f45c49101cd011ab221c27"
  version = "v3.1.2"

[[projects]]
  digest = "1:f97285a3b0a496dcf8801072622230d513f69175665d94de60eb042d03387f6c"
  name = "github.com/julienschmidt/httprouter"
  packages = ["."]
  pruneopts = "UT"
  revision = "348b672cd90d8190f8240323e372ecd1e66b59dc"
  version = "v1.2.0"

[[projects]]
  branch = "master"
  digest = "1:157c952751a6db9c7de1ffd4b4765bf669cc74414bc7886c4d63c665e0533d69"
  name = "github.com/printmaps/printmaps"
  packages = ["pd"]
  pruneopts = "UT"
  revision = "b92f836188a96d5d2be26c0b1ea182cb955e8d55"

[[projects]]
  digest = "1:4d2e5a73dc1500038e504a8d78b986630e3626dc027bc030ba5c75da257cdb96"
  name = "gopkg.in/yaml.v2"
  packages = ["."]
  pruneopts = "UT"
  revision = "51d6538a90f86fe93ac480b35f37b2be17fef232"
  version = "v2.2.2"

[solve-meta]
  analyzer-name = "dep"
  analyzer-version = 1
  input-imports = [
    "github.com/JamesMilnerUK/pip-go",
    "github.com/gofrs/uuid",
    "github.com/julienschmidt/httprouter",
    "github.com/printmaps/printmaps/pd",
    "gopkg.in/yaml.v2",
  ]
  solver-name = "gps-cdcl"
  solver-version = 1
